
Microsoft Visual Studio Solution File, Format Version 12.00
# Visual Studio Version 16
VisualStudioVersion = 25.0.1700.7
MinimumVisualStudioVersion = 10.0.40219.1
Project("{FAE04EC0-301F-11D3-BF4B-00C04F79EFBC}") = "MenuStudio", "MenuStudio\MenuStudio.csproj", "{19F3BF7F-763D-4779-8B00-1E56B64EED47}"
EndProject
Global
	GlobalSection(SolutionConfigurationPlatforms) = preSolution
		Debug|Any CPU = Debug|Any CPU
		Release|Any CPU = Release|Any CPU
	EndGlobalSection
	GlobalSection(ProjectConfigurationPlatforms) = postSolution
		{19F3BF7F-763D-4779-8B00-1E56B64EED47}.Debug|Any CPU.ActiveCfg = Debug|Any CPU
		{19F3BF7F-763D-4779-8B00-1E56B64EED47}.Debug|Any CPU.Build.0 = Debug|Any CPU
		{19F3BF7F-763D-4779-8B00-1E56B64EED47}.Release|Any CPU.ActiveCfg = Release|Any CPU
		{19F3BF7F-763D-4779-8B00-1E56B64EED47}.Release|Any CPU.Build.0 = Release|Any CPU
	EndGlobalSection
	GlobalSection(SolutionProperties) = preSolution
		HideSolutionNode = FALSE
	EndGlobalSection
	GlobalSection(ExtensibilityGlobals) = postSolution
		SolutionGuid = {CC333B70-75F9-488C-A5DE-55C44810998A}
	EndGlobalSection
EndGlobal
